
Microsoft Visual Studio Solution File, Format Version 12.00
# Visual Studio Version 17
VisualStudioVersion = 17.5.2.0
MinimumVisualStudioVersion = 10.0.40219.1
Project("{FAE04EC0-301F-11D3-BF4B-00C04F79EFBC}") = "StudyTests", "StudyTests.csproj", "{BC965BB7-73C8-AB0F-C777-26D7185706A5}"
EndProject
<<<<<<< HEAD
Project("{2150E333-8FDC-42A3-9474-1A3956D46DE8}") = "Tests", "Tests", "{0AB3BF05-4346-4AA6-1389-037BE0695223}"
EndProject
Project("{FAE04EC0-301F-11D3-BF4B-00C04F79EFBC}") = "StudyTests.Tests", "Tests\StudyTests.Tests\StudyTests.Tests.csproj", "{77E943A3-8B0F-44FF-80A4-D79FA24E46CD}"
EndProject
=======
>>>>>>> origin/lab6Artem
Global
	GlobalSection(SolutionConfigurationPlatforms) = preSolution
		Debug|Any CPU = Debug|Any CPU
		Debug|x64 = Debug|x64
		Debug|x86 = Debug|x86
		Release|Any CPU = Release|Any CPU
		Release|x64 = Release|x64
		Release|x86 = Release|x86
	EndGlobalSection
	GlobalSection(ProjectConfigurationPlatforms) = postSolution
		{BC965BB7-73C8-AB0F-C777-26D7185706A5}.Debug|Any CPU.ActiveCfg = Debug|Any CPU
		{BC965BB7-73C8-AB0F-C777-26D7185706A5}.Debug|Any CPU.Build.0 = Debug|Any CPU
		{BC965BB7-73C8-AB0F-C777-26D7185706A5}.Debug|x64.ActiveCfg = Debug|Any CPU
		{BC965BB7-73C8-AB0F-C777-26D7185706A5}.Debug|x64.Build.0 = Debug|Any CPU
		{BC965BB7-73C8-AB0F-C777-26D7185706A5}.Debug|x86.ActiveCfg = Debug|Any CPU
		{BC965BB7-73C8-AB0F-C777-26D7185706A5}.Debug|x86.Build.0 = Debug|Any CPU
		{BC965BB7-73C8-AB0F-C777-26D7185706A5}.Release|Any CPU.ActiveCfg = Release|Any CPU
		{BC965BB7-73C8-AB0F-C777-26D7185706A5}.Release|Any CPU.Build.0 = Release|Any CPU
		{BC965BB7-73C8-AB0F-C777-26D7185706A5}.Release|x64.ActiveCfg = Release|Any CPU
		{BC965BB7-73C8-AB0F-C777-26D7185706A5}.Release|x64.Build.0 = Release|Any CPU
		{BC965BB7-73C8-AB0F-C777-26D7185706A5}.Release|x86.ActiveCfg = Release|Any CPU
		{BC965BB7-73C8-AB0F-C777-26D7185706A5}.Release|x86.Build.0 = Release|Any CPU
<<<<<<< HEAD
		{77E943A3-8B0F-44FF-80A4-D79FA24E46CD}.Debug|Any CPU.ActiveCfg = Debug|Any CPU
		{77E943A3-8B0F-44FF-80A4-D79FA24E46CD}.Debug|Any CPU.Build.0 = Debug|Any CPU
		{77E943A3-8B0F-44FF-80A4-D79FA24E46CD}.Debug|x64.ActiveCfg = Debug|Any CPU
		{77E943A3-8B0F-44FF-80A4-D79FA24E46CD}.Debug|x64.Build.0 = Debug|Any CPU
		{77E943A3-8B0F-44FF-80A4-D79FA24E46CD}.Debug|x86.ActiveCfg = Debug|Any CPU
		{77E943A3-8B0F-44FF-80A4-D79FA24E46CD}.Debug|x86.Build.0 = Debug|Any CPU
		{77E943A3-8B0F-44FF-80A4-D79FA24E46CD}.Release|Any CPU.ActiveCfg = Release|Any CPU
		{77E943A3-8B0F-44FF-80A4-D79FA24E46CD}.Release|Any CPU.Build.0 = Release|Any CPU
		{77E943A3-8B0F-44FF-80A4-D79FA24E46CD}.Release|x64.ActiveCfg = Release|Any CPU
		{77E943A3-8B0F-44FF-80A4-D79FA24E46CD}.Release|x64.Build.0 = Release|Any CPU
		{77E943A3-8B0F-44FF-80A4-D79FA24E46CD}.Release|x86.ActiveCfg = Release|Any CPU
		{77E943A3-8B0F-44FF-80A4-D79FA24E46CD}.Release|x86.Build.0 = Release|Any CPU
=======

>>>>>>> origin/lab6Artem
	EndGlobalSection
	GlobalSection(SolutionProperties) = preSolution
		HideSolutionNode = FALSE
	EndGlobalSection
	GlobalSection(NestedProjects) = preSolution
<<<<<<< HEAD
		{77E943A3-8B0F-44FF-80A4-D79FA24E46CD} = {0AB3BF05-4346-4AA6-1389-037BE0695223}
=======

>>>>>>> origin/lab6Artem
	EndGlobalSection
	GlobalSection(ExtensibilityGlobals) = postSolution
		SolutionGuid = {D097CCF8-4508-4A27-A220-28B8E69554A8}
	EndGlobalSection
EndGlobal
